
Microsoft Visual Studio Solution File, Format Version 12.00
# Visual Studio Version 16
VisualStudioVersion = 16.0.30907.101
MinimumVisualStudioVersion = 10.0.40219.1
Project("{9A19103F-16F7-4668-BE54-9A1E7A4F7556}") = "MSACommerce.PageDetail", "MSACommerce.PageDetail\MSACommerce.PageDetail.csproj", "{19093319-035B-491E-9B80-48F69733605F}"
EndProject
Project("{2150E333-8FDC-42A3-9474-1A3956D46DE8}") = "MicroServiceInstance", "MicroServiceInstance", "{B974170F-D9DA-4208-832E-B08E3EC9A67C}"
EndProject
Project("{9A19103F-16F7-4668-BE54-9A1E7A4F7556}") = "MSACommerce.BrandMicroservice", "MSACommerce.BrandMicroservice\MSACommerce.BrandMicroservice.csproj", "{72374733-B7C1-44E5-B3DB-DEA3B9E89F4C}"
EndProject
Project("{9A19103F-16F7-4668-BE54-9A1E7A4F7556}") = "MSACommerce.CartMicroservice", "MSACommerce.CartMicroservice\MSACommerce.CartMicroservice.csproj", "{AB1DEE0C-548C-4786-BFF3-2C73FA24D0A5}"
EndProject
Project("{9A19103F-16F7-4668-BE54-9A1E7A4F7556}") = "MSACommerce.CategoryMicroservice", "MSACommerce.CategoryMicroservice\MSACommerce.CategoryMicroservice.csproj", "{C4BE9C6C-D721-48AB-96E4-B4DF2D14E6F8}"
EndProject
Project("{9A19103F-16F7-4668-BE54-9A1E7A4F7556}") = "MSACommerce.GoodsMicroservice", "MSACommerce.GoodsMicroservice\MSACommerce.GoodsMicroservice.csproj", "{8E8507D0-EEF4-43EF-91B3-2959CD48E653}"
EndProject
Project("{9A19103F-16F7-4668-BE54-9A1E7A4F7556}") = "MSACommerce.GoodsSearchMicroservice", "MSACommerce.GoodsSearchMicroservice\MSACommerce.GoodsSearchMicroservice.csproj", "{771A153C-EF36-4578-BD09-92823607CB27}"
EndProject
Project("{9A19103F-16F7-4668-BE54-9A1E7A4F7556}") = "MSACommerce.OrderMicroservice", "MSACommerce.OrderMicroservice\MSACommerce.OrderMicroservice.csproj", "{8FAC84E4-D583-41CA-AA36-1D996B8D4ACA}"
EndProject
Project("{9A19103F-16F7-4668-BE54-9A1E7A4F7556}") = "MSACommerce.SpecMicroservice", "MSACommerce.SpecMicroservice\MSACommerce.SpecMicroservice.csproj", "{34FA1B09-B3CD-4F92-813A-1E0C73F38211}"
EndProject
Project("{9A19103F-16F7-4668-BE54-9A1E7A4F7556}") = "MSACommerce.UserMicroservice", "MSACommerce.UserMicroservice\MSACommerce.UserMicroservice.csproj", "{8C69C134-B3F7-4F18-92BB-ECB33CE3966B}"
EndProject
Project("{2150E333-8FDC-42A3-9474-1A3956D46DE8}") = "Infrastructure", "Infrastructure", "{40651A73-70DA-4FE2-8FFD-CD0F558EB4F9}"
EndProject
Project("{2150E333-8FDC-42A3-9474-1A3956D46DE8}") = "Client", "Client", "{43463EE1-4161-49EE-9631-AC8F6FFB001A}"
EndProject
Project("{2150E333-8FDC-42A3-9474-1A3956D46DE8}") = "BackGround", "BackGround", "{CB891F41-39F2-4BA2-98E1-BF8A09F77797}"
EndProject
Project("{2150E333-8FDC-42A3-9474-1A3956D46DE8}") = "Domain", "Domain", "{A65A3E2C-D919-4B19-9D76-59F6D65B0315}"
EndProject
Project("{9A19103F-16F7-4668-BE54-9A1E7A4F7556}") = "AgileFramework.Core", "AgileFramework.Core\AgileFramework.Core.csproj", "{F31E465F-0BEC-4191-B21B-05F1D0B509B8}"
EndProject
Project("{9A19103F-16F7-4668-BE54-9A1E7A4F7556}") = "MSACormmerce.SMSProcessor", "MSACormmerce.SMSProcessor\MSACormmerce.SMSProcessor.csproj", "{DFF3D26E-80E6-4BCE-90BE-098A3D8C75CE}"
EndProject
Project("{9A19103F-16F7-4668-BE54-9A1E7A4F7556}") = "MSACormmerce.PortalProject", "MSACormmerce.PortalProject\MSACormmerce.PortalProject.csproj", "{1629CBAF-C849-4462-98C0-1746CC0ED7AA}"
EndProject
Project("{9A19103F-16F7-4668-BE54-9A1E7A4F7556}") = "MSACormmerce.ManagerProject", "MSACormmerce.ManagerProject\MSACormmerce.ManagerProject.csproj", "{D811CE50-FDDF-41EB-97C3-A450E03E4389}"
EndProject
Project("{9A19103F-16F7-4668-BE54-9A1E7A4F7556}") = "MSACommerce.Interface", "MSACommerce.Interface\MSACommerce.Interface.csproj", "{1698E2CF-A925-4DA5-882C-C2A565A13CD7}"
EndProject
Project("{9A19103F-16F7-4668-BE54-9A1E7A4F7556}") = "MSACommerce.Service", "MSACommerce.Service\MSACommerce.Service.csproj", "{D864771B-8D35-4F26-BC64-2C21D09684BE}"
EndProject
Project("{9A19103F-16F7-4668-BE54-9A1E7A4F7556}") = "MSACommerce.Model", "MSACommerce.Model\MSACommerce.Model.csproj", "{73491B0C-5FC4-41C3-8A59-693FF5B9F4BD}"
EndProject
Project("{9A19103F-16F7-4668-BE54-9A1E7A4F7556}") = "MSACormmerce.PublishProcessor", "MSACormmerce.PublishProcessor\MSACormmerce.PublishProcessor.csproj", "{CE69787B-24C6-4FBE-AB9B-6E070DBEA462}"
EndProject
Project("{9A19103F-16F7-4668-BE54-9A1E7A4F7556}") = "AgileFramework.Common", "AgileFramework.Common\AgileFramework.Common.csproj", "{7E34A9DF-8F3A-4A47-89B2-FEE818D1F6FA}"
EndProject
Project("{9A19103F-16F7-4668-BE54-9A1E7A4F7556}") = "MSACormmerce.OcelotGateway", "MSACormmerce.OcelotGateway\MSACormmerce.OcelotGateway.csproj", "{A9332121-97FA-479A-9DB7-DAF6F3F6B7EC}"
EndProject
Project("{9A19103F-16F7-4668-BE54-9A1E7A4F7556}") = "MSACormmerce.AuthenticationCenter", "MSACormmerce.AuthenticationCenter\MSACormmerce.AuthenticationCenter.csproj", "{6ED4EA13-3283-4DE2-90FF-EADF9927912E}"
EndProject
Project("{9A19103F-16F7-4668-BE54-9A1E7A4F7556}") = "AgileFramework.WebCore", "AgileFramework.WebCore\AgileFramework.WebCore.csproj", "{B3E851DC-5A73-4637-B528-6190DF5ECE68}"
EndProject
Global
	GlobalSection(SolutionConfigurationPlatforms) = preSolution
		Debug|Any CPU = Debug|Any CPU
		Release|Any CPU = Release|Any CPU
	EndGlobalSection
	GlobalSection(ProjectConfigurationPlatforms) = postSolution
		{19093319-035B-491E-9B80-48F69733605F}.Debug|Any CPU.ActiveCfg = Debug|Any CPU
		{19093319-035B-491E-9B80-48F69733605F}.Debug|Any CPU.Build.0 = Debug|Any CPU
		{19093319-035B-491E-9B80-48F69733605F}.Release|Any CPU.ActiveCfg = Release|Any CPU
		{19093319-035B-491E-9B80-48F69733605F}.Release|Any CPU.Build.0 = Release|Any CPU
		{72374733-B7C1-44E5-B3DB-DEA3B9E89F4C}.Debug|Any CPU.ActiveCfg = Debug|Any CPU
		{72374733-B7C1-44E5-B3DB-DEA3B9E89F4C}.Debug|Any CPU.Build.0 = Debug|Any CPU
		{72374733-B7C1-44E5-B3DB-DEA3B9E89F4C}.Release|Any CPU.ActiveCfg = Release|Any CPU
		{72374733-B7C1-44E5-B3DB-DEA3B9E89F4C}.Release|Any CPU.Build.0 = Release|Any CPU
		{AB1DEE0C-548C-4786-BFF3-2C73FA24D0A5}.Debug|Any CPU.ActiveCfg = Debug|Any CPU
		{AB1DEE0C-548C-4786-BFF3-2C73FA24D0A5}.Debug|Any CPU.Build.0 = Debug|Any CPU
		{AB1DEE0C-548C-4786-BFF3-2C73FA24D0A5}.Release|Any CPU.ActiveCfg = Release|Any CPU
		{AB1DEE0C-548C-4786-BFF3-2C73FA24D0A5}.Release|Any CPU.Build.0 = Release|Any CPU
		{C4BE9C6C-D721-48AB-96E4-B4DF2D14E6F8}.Debug|Any CPU.ActiveCfg = Debug|Any CPU
		{C4BE9C6C-D721-48AB-96E4-B4DF2D14E6F8}.Debug|Any CPU.Build.0 = Debug|Any CPU
		{C4BE9C6C-D721-48AB-96E4-B4DF2D14E6F8}.Release|Any CPU.ActiveCfg = Release|Any CPU
		{C4BE9C6C-D721-48AB-96E4-B4DF2D14E6F8}.Release|Any CPU.Build.0 = Release|Any CPU
		{8E8507D0-EEF4-43EF-91B3-2959CD48E653}.Debug|Any CPU.ActiveCfg = Debug|Any CPU
		{8E8507D0-EEF4-43EF-91B3-2959CD48E653}.Debug|Any CPU.Build.0 = Debug|Any CPU
		{8E8507D0-EEF4-43EF-91B3-2959CD48E653}.Release|Any CPU.ActiveCfg = Release|Any CPU
		{8E8507D0-EEF4-43EF-91B3-2959CD48E653}.Release|Any CPU.Build.0 = Release|Any CPU
		{771A153C-EF36-4578-BD09-92823607CB27}.Debug|Any CPU.ActiveCfg = Debug|Any CPU
		{771A153C-EF36-4578-BD09-92823607CB27}.Debug|Any CPU.Build.0 = Debug|Any CPU
		{771A153C-EF36-4578-BD09-92823607CB27}.Release|Any CPU.ActiveCfg = Release|Any CPU
		{771A153C-EF36-4578-BD09-92823607CB27}.Release|Any CPU.Build.0 = Release|Any CPU
		{8FAC84E4-D583-41CA-AA36-1D996B8D4ACA}.Debug|Any CPU.ActiveCfg = Debug|Any CPU
		{8FAC84E4-D583-41CA-AA36-1D996B8D4ACA}.Debug|Any CPU.Build.0 = Debug|Any CPU
		{8FAC84E4-D583-41CA-AA36-1D996B8D4ACA}.Release|Any CPU.ActiveCfg = Release|Any CPU
		{8FAC84E4-D583-41CA-AA36-1D996B8D4ACA}.Release|Any CPU.Build.0 = Release|Any CPU
		{34FA1B09-B3CD-4F92-813A-1E0C73F38211}.Debug|Any CPU.ActiveCfg = Debug|Any CPU
		{34FA1B09-B3CD-4F92-813A-1E0C73F38211}.Debug|Any CPU.Build.0 = Debug|Any CPU
		{34FA1B09-B3CD-4F92-813A-1E0C73F38211}.Release|Any CPU.ActiveCfg = Release|Any CPU
		{34FA1B09-B3CD-4F92-813A-1E0C73F38211}.Release|Any CPU.Build.0 = Release|Any CPU
		{8C69C134-B3F7-4F18-92BB-ECB33CE3966B}.Debug|Any CPU.ActiveCfg = Debug|Any CPU
		{8C69C134-B3F7-4F18-92BB-ECB33CE3966B}.Debug|Any CPU.Build.0 = Debug|Any CPU
		{8C69C134-B3F7-4F18-92BB-ECB33CE3966B}.Release|Any CPU.ActiveCfg = Release|Any CPU
		{8C69C134-B3F7-4F18-92BB-ECB33CE3966B}.Release|Any CPU.Build.0 = Release|Any CPU
		{F31E465F-0BEC-4191-B21B-05F1D0B509B8}.Debug|Any CPU.ActiveCfg = Debug|Any CPU
		{F31E465F-0BEC-4191-B21B-05F1D0B509B8}.Debug|Any CPU.Build.0 = Debug|Any CPU
		{F31E465F-0BEC-4191-B21B-05F1D0B509B8}.Release|Any CPU.ActiveCfg = Release|Any CPU
		{F31E465F-0BEC-4191-B21B-05F1D0B509B8}.Release|Any CPU.Build.0 = Release|Any CPU
		{DFF3D26E-80E6-4BCE-90BE-098A3D8C75CE}.Debug|Any CPU.ActiveCfg = Debug|Any CPU
		{DFF3D26E-80E6-4BCE-90BE-098A3D8C75CE}.Debug|Any CPU.Build.0 = Debug|Any CPU
		{DFF3D26E-80E6-4BCE-90BE-098A3D8C75CE}.Release|Any CPU.ActiveCfg = Release|Any CPU
		{DFF3D26E-80E6-4BCE-90BE-098A3D8C75CE}.Release|Any CPU.Build.0 = Release|Any CPU
		{1629CBAF-C849-4462-98C0-1746CC0ED7AA}.Debug|Any CPU.ActiveCfg = Debug|Any CPU
		{1629CBAF-C849-4462-98C0-1746CC0ED7AA}.Debug|Any CPU.Build.0 = Debug|Any CPU
		{1629CBAF-C849-4462-98C0-1746CC0ED7AA}.Release|Any CPU.ActiveCfg = Release|Any CPU
		{1629CBAF-C849-4462-98C0-1746CC0ED7AA}.Release|Any CPU.Build.0 = Release|Any CPU
		{D811CE50-FDDF-41EB-97C3-A450E03E4389}.Debug|Any CPU.ActiveCfg = Debug|Any CPU
		{D811CE50-FDDF-41EB-97C3-A450E03E4389}.Debug|Any CPU.Build.0 = Debug|Any CPU
		{D811CE50-FDDF-41EB-97C3-A450E03E4389}.Release|Any CPU.ActiveCfg = Release|Any CPU
		{D811CE50-FDDF-41EB-97C3-A450E03E4389}.Release|Any CPU.Build.0 = Release|Any CPU
		{1698E2CF-A925-4DA5-882C-C2A565A13CD7}.Debug|Any CPU.ActiveCfg = Debug|Any CPU
		{1698E2CF-A925-4DA5-882C-C2A565A13CD7}.Debug|Any CPU.Build.0 = Debug|Any CPU
		{1698E2CF-A925-4DA5-882C-C2A565A13CD7}.Release|Any CPU.ActiveCfg = Release|Any CPU
		{1698E2CF-A925-4DA5-882C-C2A565A13CD7}.Release|Any CPU.Build.0 = Release|Any CPU
		{D864771B-8D35-4F26-BC64-2C21D09684BE}.Debug|Any CPU.ActiveCfg = Debug|Any CPU
		{D864771B-8D35-4F26-BC64-2C21D09684BE}.Debug|Any CPU.Build.0 = Debug|Any CPU
		{D864771B-8D35-4F26-BC64-2C21D09684BE}.Release|Any CPU.ActiveCfg = Release|Any CPU
		{D864771B-8D35-4F26-BC64-2C21D09684BE}.Release|Any CPU.Build.0 = Release|Any CPU
		{73491B0C-5FC4-41C3-8A59-693FF5B9F4BD}.Debug|Any CPU.ActiveCfg = Debug|Any CPU
		{73491B0C-5FC4-41C3-8A59-693FF5B9F4BD}.Debug|Any CPU.Build.0 = Debug|Any CPU
		{73491B0C-5FC4-41C3-8A59-693FF5B9F4BD}.Release|Any CPU.ActiveCfg = Release|Any CPU
		{73491B0C-5FC4-41C3-8A59-693FF5B9F4BD}.Release|Any CPU.Build.0 = Release|Any CPU
		{CE69787B-24C6-4FBE-AB9B-6E070DBEA462}.Debug|Any CPU.ActiveCfg = Debug|Any CPU
		{CE69787B-24C6-4FBE-AB9B-6E070DBEA462}.Debug|Any CPU.Build.0 = Debug|Any CPU
		{CE69787B-24C6-4FBE-AB9B-6E070DBEA462}.Release|Any CPU.ActiveCfg = Release|Any CPU
		{CE69787B-24C6-4FBE-AB9B-6E070DBEA462}.Release|Any CPU.Build.0 = Release|Any CPU
		{7E34A9DF-8F3A-4A47-89B2-FEE818D1F6FA}.Debug|Any CPU.ActiveCfg = Debug|Any CPU
		{7E34A9DF-8F3A-4A47-89B2-FEE818D1F6FA}.Debug|Any CPU.Build.0 = Debug|Any CPU
		{7E34A9DF-8F3A-4A47-89B2-FEE818D1F6FA}.Release|Any CPU.ActiveCfg = Release|Any CPU
		{7E34A9DF-8F3A-4A47-89B2-FEE818D1F6FA}.Release|Any CPU.Build.0 = Release|Any CPU
		{A9332121-97FA-479A-9DB7-DAF6F3F6B7EC}.Debug|Any CPU.ActiveCfg = Debug|Any CPU
		{A9332121-97FA-479A-9DB7-DAF6F3F6B7EC}.Debug|Any CPU.Build.0 = Debug|Any CPU
		{A9332121-97FA-479A-9DB7-DAF6F3F6B7EC}.Release|Any CPU.ActiveCfg = Release|Any CPU
		{A9332121-97FA-479A-9DB7-DAF6F3F6B7EC}.Release|Any CPU.Build.0 = Release|Any CPU
		{6ED4EA13-3283-4DE2-90FF-EADF9927912E}.Debug|Any CPU.ActiveCfg = Debug|Any CPU
		{6ED4EA13-3283-4DE2-90FF-EADF9927912E}.Debug|Any CPU.Build.0 = Debug|Any CPU
		{6ED4EA13-3283-4DE2-90FF-EADF9927912E}.Release|Any CPU.ActiveCfg = Release|Any CPU
		{6ED4EA13-3283-4DE2-90FF-EADF9927912E}.Release|Any CPU.Build.0 = Release|Any CPU
		{B3E851DC-5A73-4637-B528-6190DF5ECE68}.Debug|Any CPU.ActiveCfg = Debug|Any CPU
		{B3E851DC-5A73-4637-B528-6190DF5ECE68}.Debug|Any CPU.Build.0 = Debug|Any CPU
		{B3E851DC-5A73-4637-B528-6190DF5ECE68}.Release|Any CPU.ActiveCfg = Release|Any CPU
		{B3E851DC-5A73-4637-B528-6190DF5ECE68}.Release|Any CPU.Build.0 = Release|Any CPU
	EndGlobalSection
	GlobalSection(SolutionProperties) = preSolution
		HideSolutionNode = FALSE
	EndGlobalSection
	GlobalSection(NestedProjects) = preSolution
		{19093319-035B-491E-9B80-48F69733605F} = {B974170F-D9DA-4208-832E-B08E3EC9A67C}
		{72374733-B7C1-44E5-B3DB-DEA3B9E89F4C} = {B974170F-D9DA-4208-832E-B08E3EC9A67C}
		{AB1DEE0C-548C-4786-BFF3-2C73FA24D0A5} = {B974170F-D9DA-4208-832E-B08E3EC9A67C}
		{C4BE9C6C-D721-48AB-96E4-B4DF2D14E6F8} = {B974170F-D9DA-4208-832E-B08E3EC9A67C}
		{8E8507D0-EEF4-43EF-91B3-2959CD48E653} = {B974170F-D9DA-4208-832E-B08E3EC9A67C}
		{771A153C-EF36-4578-BD09-92823607CB27} = {B974170F-D9DA-4208-832E-B08E3EC9A67C}
		{8FAC84E4-D583-41CA-AA36-1D996B8D4ACA} = {B974170F-D9DA-4208-832E-B08E3EC9A67C}
		{34FA1B09-B3CD-4F92-813A-1E0C73F38211} = {B974170F-D9DA-4208-832E-B08E3EC9A67C}
		{8C69C134-B3F7-4F18-92BB-ECB33CE3966B} = {B974170F-D9DA-4208-832E-B08E3EC9A67C}
		{F31E465F-0BEC-4191-B21B-05F1D0B509B8} = {40651A73-70DA-4FE2-8FFD-CD0F558EB4F9}
		{DFF3D26E-80E6-4BCE-90BE-098A3D8C75CE} = {CB891F41-39F2-4BA2-98E1-BF8A09F77797}
		{1629CBAF-C849-4462-98C0-1746CC0ED7AA} = {43463EE1-4161-49EE-9631-AC8F6FFB001A}
		{D811CE50-FDDF-41EB-97C3-A450E03E4389} = {43463EE1-4161-49EE-9631-AC8F6FFB001A}
		{1698E2CF-A925-4DA5-882C-C2A565A13CD7} = {A65A3E2C-D919-4B19-9D76-59F6D65B0315}
		{D864771B-8D35-4F26-BC64-2C21D09684BE} = {A65A3E2C-D919-4B19-9D76-59F6D65B0315}
		{73491B0C-5FC4-41C3-8A59-693FF5B9F4BD} = {A65A3E2C-D919-4B19-9D76-59F6D65B0315}
		{CE69787B-24C6-4FBE-AB9B-6E070DBEA462} = {CB891F41-39F2-4BA2-98E1-BF8A09F77797}
		{7E34A9DF-8F3A-4A47-89B2-FEE818D1F6FA} = {40651A73-70DA-4FE2-8FFD-CD0F558EB4F9}
		{A9332121-97FA-479A-9DB7-DAF6F3F6B7EC} = {CB891F41-39F2-4BA2-98E1-BF8A09F77797}
		{6ED4EA13-3283-4DE2-90FF-EADF9927912E} = {CB891F41-39F2-4BA2-98E1-BF8A09F77797}
		{B3E851DC-5A73-4637-B528-6190DF5ECE68} = {40651A73-70DA-4FE2-8FFD-CD0F558EB4F9}
	EndGlobalSection
	GlobalSection(ExtensibilityGlobals) = postSolution
		SolutionGuid = {A24DF945-C1B8-4C2C-81A9-23394EBE5CA5}
	EndGlobalSection
EndGlobal
